
Microsoft Visual Studio Solution File, Format Version 12.00
# Visual Studio 15
VisualStudioVersion = 15.0.27428.2005
MinimumVisualStudioVersion = 10.0.40219.1
Project("{FAE04EC0-301F-11D3-BF4B-00C04F79EFBC}") = "LearningCenter", "LearningCenter\LearningCenter.csproj", "{88846AEC-2C4C-4136-B436-4B13C53C0B5B}"
EndProject
Project("{FAE04EC0-301F-11D3-BF4B-00C04F79EFBC}") = "LearningCenter.Tests", "LearningCenter.Tests\LearningCenter.Tests.csproj", "{3D87838B-0FE6-48E1-8A95-1D45107CC250}"
EndProject
Project("{FAE04EC0-301F-11D3-BF4B-00C04F79EFBC}") = "SchoolDatabase", "SchoolDatabase\SchoolDatabase.csproj", "{68CD1587-25AE-43F9-88CB-C7BB62AAF94D}"
EndProject
Project("{FAE04EC0-301F-11D3-BF4B-00C04F79EFBC}") = "Business", "Business\Business.csproj", "{A9DD37A2-77E8-4A7E-BE03-ABDA0FBFB92D}"
EndProject
Project("{FAE04EC0-301F-11D3-BF4B-00C04F79EFBC}") = "Repository", "Repository\Repository.csproj", "{F2D47EF5-F13D-4F9C-9D1C-A03A72F0FE88}"
EndProject
Project("{FAE04EC0-301F-11D3-BF4B-00C04F79EFBC}") = "EnrollmentDatabase", "EnrollmentDb\EnrollmentDatabase.csproj", "{02F61275-0DFC-47B3-9E30-B3ABC8E5F746}"
EndProject
Global
	GlobalSection(SolutionConfigurationPlatforms) = preSolution
		Debug|Any CPU = Debug|Any CPU
		Release|Any CPU = Release|Any CPU
	EndGlobalSection
	GlobalSection(ProjectConfigurationPlatforms) = postSolution
		{88846AEC-2C4C-4136-B436-4B13C53C0B5B}.Debug|Any CPU.ActiveCfg = Debug|Any CPU
		{88846AEC-2C4C-4136-B436-4B13C53C0B5B}.Debug|Any CPU.Build.0 = Debug|Any CPU
		{88846AEC-2C4C-4136-B436-4B13C53C0B5B}.Release|Any CPU.ActiveCfg = Release|Any CPU
		{88846AEC-2C4C-4136-B436-4B13C53C0B5B}.Release|Any CPU.Build.0 = Release|Any CPU
		{3D87838B-0FE6-48E1-8A95-1D45107CC250}.Debug|Any CPU.ActiveCfg = Debug|Any CPU
		{3D87838B-0FE6-48E1-8A95-1D45107CC250}.Debug|Any CPU.Build.0 = Debug|Any CPU
		{3D87838B-0FE6-48E1-8A95-1D45107CC250}.Release|Any CPU.ActiveCfg = Release|Any CPU
		{3D87838B-0FE6-48E1-8A95-1D45107CC250}.Release|Any CPU.Build.0 = Release|Any CPU
		{68CD1587-25AE-43F9-88CB-C7BB62AAF94D}.Debug|Any CPU.ActiveCfg = Debug|Any CPU
		{68CD1587-25AE-43F9-88CB-C7BB62AAF94D}.Debug|Any CPU.Build.0 = Debug|Any CPU
		{68CD1587-25AE-43F9-88CB-C7BB62AAF94D}.Release|Any CPU.ActiveCfg = Release|Any CPU
		{68CD1587-25AE-43F9-88CB-C7BB62AAF94D}.Release|Any CPU.Build.0 = Release|Any CPU
		{A9DD37A2-77E8-4A7E-BE03-ABDA0FBFB92D}.Debug|Any CPU.ActiveCfg = Debug|Any CPU
		{A9DD37A2-77E8-4A7E-BE03-ABDA0FBFB92D}.Debug|Any CPU.Build.0 = Debug|Any CPU
		{A9DD37A2-77E8-4A7E-BE03-ABDA0FBFB92D}.Release|Any CPU.ActiveCfg = Release|Any CPU
		{A9DD37A2-77E8-4A7E-BE03-ABDA0FBFB92D}.Release|Any CPU.Build.0 = Release|Any CPU
		{F2D47EF5-F13D-4F9C-9D1C-A03A72F0FE88}.Debug|Any CPU.ActiveCfg = Debug|Any CPU
		{F2D47EF5-F13D-4F9C-9D1C-A03A72F0FE88}.Debug|Any CPU.Build.0 = Debug|Any CPU
		{F2D47EF5-F13D-4F9C-9D1C-A03A72F0FE88}.Release|Any CPU.ActiveCfg = Release|Any CPU
		{F2D47EF5-F13D-4F9C-9D1C-A03A72F0FE88}.Release|Any CPU.Build.0 = Release|Any CPU
		{02F61275-0DFC-47B3-9E30-B3ABC8E5F746}.Debug|Any CPU.ActiveCfg = Debug|Any CPU
		{02F61275-0DFC-47B3-9E30-B3ABC8E5F746}.Debug|Any CPU.Build.0 = Debug|Any CPU
		{02F61275-0DFC-47B3-9E30-B3ABC8E5F746}.Release|Any CPU.ActiveCfg = Release|Any CPU
		{02F61275-0DFC-47B3-9E30-B3ABC8E5F746}.Release|Any CPU.Build.0 = Release|Any CPU
	EndGlobalSection
	GlobalSection(SolutionProperties) = preSolution
		HideSolutionNode = FALSE
	EndGlobalSection
	GlobalSection(ExtensibilityGlobals) = postSolution
		SolutionGuid = {6FEC4A9D-A27A-4193-9943-2BF553309294}
	EndGlobalSection
EndGlobal
